{
  "name": "example",
  "version": "1.0.0",
  "lockfileVersion": 3,
  "requires": true,
  "packages": {
    "": {
      "name": "example",
      "version": "1.0.0",
      "license": "ISC",
      "dependencies": {
        "lab-02": "file:.."
      }
    },
    "..": {
      "version": "1.0.0",
      "license": "MIT"
    },
    "node_modules/lab-02": {
      "resolved": "..",
      "link": true
    }
  }
}
